// !$*UTF8*$!
{
	archiveVersion = 1;
	classes = {
	};
	objectVersion = 50;
	objects = {

/* Begin PBXBuildFile section */
		F42AA9E826FB829E006C2FC6 /* LaunchScreen.storyboard in Resources */ = {isa = PBXBuildFile; fileRef = F42AA9E726FB829E006C2FC6 /* LaunchScreen.storyboard */; };
		F48052282681EC5F003DC3E8 /* FreshOnboardingApp.swift in Sources */ = {isa = PBXBuildFile; fileRef = F48052272681EC5F003DC3E8 /* FreshOnboardingApp.swift */; };
		F480522A2681EC5F003DC3E8 /* ContentView.swift in Sources */ = {isa = PBXBuildFile; fileRef = F48052292681EC5F003DC3E8 /* ContentView.swift */; };
		F480522C2681EC65003DC3E8 /* Assets.xcassets in Resources */ = {isa = PBXBuildFile; fileRef = F480522B2681EC65003DC3E8 /* Assets.xcassets */; };
		F480522F2681EC65003DC3E8 /* Preview Assets.xcassets in Resources */ = {isa = PBXBuildFile; fileRef = F480522E2681EC65003DC3E8 /* Preview Assets.xcassets */; };
		F480523A2681EC65003DC3E8 /* FreshOnboardingTests.swift in Sources */ = {isa = PBXBuildFile; fileRef = F48052392681EC65003DC3E8 /* FreshOnboardingTests.swift */; };
		F48052452681EC65003DC3E8 /* FreshOnboardingUITests.swift in Sources */ = {isa = PBXBuildFile; fileRef = F48052442681EC65003DC3E8 /* FreshOnboardingUITests.swift */; };
		F48052562681EE29003DC3E8 /* WalkthroughView.swift in Sources */ = {isa = PBXBuildFile; fileRef = F48052552681EE29003DC3E8 /* WalkthroughView.swift */; };
		F480525B2681F03D003DC3E8 /* data.swift in Sources */ = {isa = PBXBuildFile; fileRef = F480525A2681F03D003DC3E8 /* data.swift */; };
		F48052602681F1A4003DC3E8 /* GradientView.swift in Sources */ = {isa = PBXBuildFile; fileRef = F480525F2681F1A4003DC3E8 /* GradientView.swift */; };
		F48052732681F7FD003DC3E8 /* PageTabView.swift in Sources */ = {isa = PBXBuildFile; fileRef = F48052722681F7FD003DC3E8 /* PageTabView.swift */; };
		F48052782681F8F3003DC3E8 /* TabDetailsView.swift in Sources */ = {isa = PBXBuildFile; fileRef = F48052772681F8F3003DC3E8 /* TabDetailsView.swift */; };
		F480527D2681FD7F003DC3E8 /* ButtonsView.swift in Sources */ = {isa = PBXBuildFile; fileRef = F480527C2681FD7F003DC3E8 /* ButtonsView.swift */; };
		F480528226820BBE003DC3E8 /* AccountButtonView.swift in Sources */ = {isa = PBXBuildFile; fileRef = F480528126820BBE003DC3E8 /* AccountButtonView.swift */; };
		F480528A2682AE39003DC3E8 /* UrgentHelpView.swift in Sources */ = {isa = PBXBuildFile; fileRef = F48052892682AE39003DC3E8 /* UrgentHelpView.swift */; };
/* End PBXBuildFile section */

/* Begin PBXContainerItemProxy section */
		F48052362681EC65003DC3E8 /* PBXContainerItemProxy */ = {
			isa = PBXContainerItemProxy;
			containerPortal = F480521C2681EC5F003DC3E8 /* Project object */;
			proxyType = 1;
			remoteGlobalIDString = F48052232681EC5F003DC3E8;
			remoteInfo = FreshOnboarding;
		};
		F48052412681EC65003DC3E8 /* PBXContainerItemProxy */ = {
			isa = PBXContainerItemProxy;
			containerPortal = F480521C2681EC5F003DC3E8 /* Project object */;
			proxyType = 1;
			remoteGlobalIDString = F48052232681EC5F003DC3E8;
			remoteInfo = FreshOnboarding;
		};
/* End PBXContainerItemProxy section */

/* Begin PBXFileReference section */
		F42AA9E726FB829E006C2FC6 /* LaunchScreen.storyboard */ = {isa = PBXFileReference; lastKnownFileType = file.storyboard; path = LaunchScreen.storyboard; sourceTree = "<group>"; };
		F48052242681EC5F003DC3E8 /* FreshOnboarding.app */ = {isa = PBXFileReference; explicitFileType = wrapper.application; includeInIndex = 0; path = FreshOnboarding.app; sourceTree = BUILT_PRODUCTS_DIR; };
		F48052272681EC5F003DC3E8 /* FreshOnboardingApp.swift */ = {isa = PBXFileReference; lastKnownFileType = sourcecode.swift; path = FreshOnboardingApp.swift; sourceTree = "<group>"; };
		F48052292681EC5F003DC3E8 /* ContentView.swift */ = {isa = PBXFileReference; lastKnownFileType = sourcecode.swift; path = ContentView.swift; sourceTree = "<group>"; };
		F480522B2681EC65003DC3E8 /* Assets.xcassets */ = {isa = PBXFileReference; lastKnownFileType = folder.assetcatalog; path = Assets.xcassets; sourceTree = "<group>"; };
		F480522E2681EC65003DC3E8 /* Preview Assets.xcassets */ = {isa = PBXFileReference; lastKnownFileType = folder.assetcatalog; path = "Preview Assets.xcassets"; sourceTree = "<group>"; };
		F48052302681EC65003DC3E8 /* Info.plist */ = {isa = PBXFileReference; lastKnownFileType = text.plist.xml; path = Info.plist; sourceTree = "<group>"; };
		F48052352681EC65003DC3E8 /* FreshOnboardingTests.xctest */ = {isa = PBXFileReference; explicitFileType = wrapper.cfbundle; includeInIndex = 0; path = FreshOnboardingTests.xctest; sourceTree = BUILT_PRODUCTS_DIR; };
		F48052392681EC65003DC3E8 /* FreshOnboardingTests.swift */ = {isa = PBXFileReference; lastKnownFileType = sourcecode.swift; path = FreshOnboardingTests.swift; sourceTree = "<group>"; };
		F480523B2681EC65003DC3E8 /* Info.plist */ = {isa = PBXFileReference; lastKnownFileType = text.plist.xml; path = Info.plist; sourceTree = "<group>"; };
		F48052402681EC65003DC3E8 /* FreshOnboardingUITests.xctest */ = {isa = PBXFileReference; explicitFileType = wrapper.cfbundle; includeInIndex = 0; path = FreshOnboardingUITests.xctest; sourceTree = BUILT_PRODUCTS_DIR; };
		F48052442681EC65003DC3E8 /* FreshOnboardingUITests.swift */ = {isa = PBXFileReference; lastKnownFileType = sourcecode.swift; path = FreshOnboardingUITests.swift; sourceTree = "<group>"; };
		F48052462681EC65003DC3E8 /* Info.plist */ = {isa = PBXFileReference; lastKnownFileType = text.plist.xml; path = Info.plist; sourceTree = "<group>"; };
		F48052552681EE29003DC3E8 /* WalkthroughView.swift */ = {isa = PBXFileReference; lastKnownFileType = sourcecode.swift; path = WalkthroughView.swift; sourceTree = "<group>"; };
		F480525A2681F03D003DC3E8 /* data.swift */ = {isa = PBXFileReference; lastKnownFileType = sourcecode.swift; path = data.swift; sourceTree = "<group>"; };
		F480525F2681F1A4003DC3E8 /* GradientView.swift */ = {isa = PBXFileReference; lastKnownFileType = sourcecode.swift; path = GradientView.swift; sourceTree = "<group>"; };
		F48052722681F7FD003DC3E8 /* PageTabView.swift */ = {isa = PBXFileReference; lastKnownFileType = sourcecode.swift; path = PageTabView.swift; sourceTree = "<group>"; };
		F48052772681F8F3003DC3E8 /* TabDetailsView.swift */ = {isa = PBXFileReference; lastKnownFileType = sourcecode.swift; path = TabDetailsView.swift; sourceTree = "<group>"; };
		F480527C2681FD7F003DC3E8 /* ButtonsView.swift */ = {isa = PBXFileReference; lastKnownFileType = sourcecode.swift; path = ButtonsView.swift; sourceTree = "<group>"; };
		F480528126820BBE003DC3E8 /* AccountButtonView.swift */ = {isa = PBXFileReference; lastKnownFileType = sourcecode.swift; path = AccountButtonView.swift; sourceTree = "<group>"; };
		F48052892682AE39003DC3E8 /* UrgentHelpView.swift */ = {isa = PBXFileReference; lastKnownFileType = sourcecode.swift; path = UrgentHelpView.swift; sourceTree = "<group>"; };
/* End PBXFileReference section */

/* Begin PBXFrameworksBuildPhase section */
		F48052212681EC5F003DC3E8 /* Frameworks */ = {
			isa = PBXFrameworksBuildPhase;
			buildActionMask = 2147483647;
			files = (
			);
			runOnlyForDeploymentPostprocessing = 0;
		};
		F48052322681EC65003DC3E8 /* Frameworks */ = {
			isa = PBXFrameworksBuildPhase;
			buildActionMask = 2147483647;
			files = (
			);
			runOnlyForDeploymentPostprocessing = 0;
		};
		F480523D2681EC65003DC3E8 /* Frameworks */ = {
			isa = PBXFrameworksBuildPhase;
			buildActionMask = 2147483647;
			files = (
			);
			runOnlyForDeploymentPostprocessing = 0;
		};
/* End PBXFrameworksBuildPhase section */

/* Begin PBXGroup section */
		F480521B2681EC5F003DC3E8 = {
			isa = PBXGroup;
			children = (
				F48052262681EC5F003DC3E8 /* FreshOnboarding */,
				F48052382681EC65003DC3E8 /* FreshOnboardingTests */,
				F48052432681EC65003DC3E8 /* FreshOnboardingUITests */,
				F48052252681EC5F003DC3E8 /* Products */,
			);
			sourceTree = "<group>";
		};
		F48052252681EC5F003DC3E8 /* Products */ = {
			isa = PBXGroup;
			children = (
				F48052242681EC5F003DC3E8 /* FreshOnboarding.app */,
				F48052352681EC65003DC3E8 /* FreshOnboardingTests.xctest */,
				F48052402681EC65003DC3E8 /* FreshOnboardingUITests.xctest */,
			);
			name = Products;
			sourceTree = "<group>";
		};
		F48052262681EC5F003DC3E8 /* FreshOnboarding */ = {
			isa = PBXGroup;
			children = (
				F48052272681EC5F003DC3E8 /* FreshOnboardingApp.swift */,
				F48052292681EC5F003DC3E8 /* ContentView.swift */,
				F480522B2681EC65003DC3E8 /* Assets.xcassets */,
				F48052302681EC65003DC3E8 /* Info.plist */,
				F480522D2681EC65003DC3E8 /* Preview Content */,
				F48052552681EE29003DC3E8 /* WalkthroughView.swift */,
				F480525A2681F03D003DC3E8 /* data.swift */,
				F480525F2681F1A4003DC3E8 /* GradientView.swift */,
				F48052722681F7FD003DC3E8 /* PageTabView.swift */,
				F48052772681F8F3003DC3E8 /* TabDetailsView.swift */,
				F480527C2681FD7F003DC3E8 /* ButtonsView.swift */,
				F480528126820BBE003DC3E8 /* AccountButtonView.swift */,
				F48052892682AE39003DC3E8 /* UrgentHelpView.swift */,
				F42AA9E726FB829E006C2FC6 /* LaunchScreen.storyboard */,
			);
			path = FreshOnboarding;
			sourceTree = "<group>";
		};
		F480522D2681EC65003DC3E8 /* Preview Content */ = {
			isa = PBXGroup;
			children = (
				F480522E2681EC65003DC3E8 /* Preview Assets.xcassets */,
			);
			path = "Preview Content";
			sourceTree = "<group>";
		};
		F48052382681EC65003DC3E8 /* FreshOnboardingTests */ = {
			isa = PBXGroup;
			children = (
				F48052392681EC65003DC3E8 /* FreshOnboardingTests.swift */,
				F480523B2681EC65003DC3E8 /* Info.plist */,
			);
			path = FreshOnboardingTests;
			sourceTree = "<group>";
		};
		F48052432681EC65003DC3E8 /* FreshOnboardingUITests */ = {
			isa = PBXGroup;
			children = (
				F48052442681EC65003DC3E8 /* FreshOnboardingUITests.swift */,
				F48052462681EC65003DC3E8 /* Info.plist */,
			);
			path = FreshOnboardingUITests;
			sourceTree = "<group>";
		};
/* End PBXGroup section */

/* Begin PBXNativeTarget section */
		F48052232681EC5F003DC3E8 /* FreshOnboarding */ = {
			isa = PBXNativeTarget;
			buildConfigurationList = F48052492681EC65003DC3E8 /* Build configuration list for PBXNativeTarget "FreshOnboarding" */;
			buildPhases = (
				F48052202681EC5F003DC3E8 /* Sources */,
				F48052212681EC5F003DC3E8 /* Frameworks */,
				F48052222681EC5F003DC3E8 /* Resources */,
			);
			buildRules = (
			);
			dependencies = (
			);
			name = FreshOnboarding;
			productName = FreshOnboarding;
			productReference = F48052242681EC5F003DC3E8 /* FreshOnboarding.app */;
			productType = "com.apple.product-type.application";
		};
		F48052342681EC65003DC3E8 /* FreshOnboardingTests */ = {
			isa = PBXNativeTarget;
			buildConfigurationList = F480524C2681EC65003DC3E8 /* Build configuration list for PBXNativeTarget "FreshOnboardingTests" */;
			buildPhases = (
				F48052312681EC65003DC3E8 /* Sources */,
				F48052322681EC65003DC3E8 /* Frameworks */,
				F48052332681EC65003DC3E8 /* Resources */,
			);
			buildRules = (
			);
			dependencies = (
				F48052372681EC65003DC3E8 /* PBXTargetDependency */,
			);
			name = FreshOnboardingTests;
			productName = FreshOnboardingTests;
			productReference = F48052352681EC65003DC3E8 /* FreshOnboardingTests.xctest */;
			productType = "com.apple.product-type.bundle.unit-test";
		};
		F480523F2681EC65003DC3E8 /* FreshOnboardingUITests */ = {
			isa = PBXNativeTarget;
			buildConfigurationList = F480524F2681EC65003DC3E8 /* Build configuration list for PBXNativeTarget "FreshOnboardingUITests" */;
			buildPhases = (
				F480523C2681EC65003DC3E8 /* Sources */,
				F480523D2681EC65003DC3E8 /* Frameworks */,
				F480523E2681EC65003DC3E8 /* Resources */,
			);
			buildRules = (
			);
			dependencies = (
				F48052422681EC65003DC3E8 /* PBXTargetDependency */,
			);
			name = FreshOnboardingUITests;
			productName = FreshOnboardingUITests;
			productReference = F48052402681EC65003DC3E8 /* FreshOnboardingUITests.xctest */;
			productType = "com.apple.product-type.bundle.ui-testing";
		};
/* End PBXNativeTarget section */

/* Begin PBXProject section */
		F480521C2681EC5F003DC3E8 /* Project object */ = {
			isa = PBXProject;
			attributes = {
				LastSwiftUpdateCheck = 1230;
				LastUpgradeCheck = 1230;
				TargetAttributes = {
					F48052232681EC5F003DC3E8 = {
						CreatedOnToolsVersion = 12.3;
					};
					F48052342681EC65003DC3E8 = {
						CreatedOnToolsVersion = 12.3;
						TestTargetID = F48052232681EC5F003DC3E8;
					};
					F480523F2681EC65003DC3E8 = {
						CreatedOnToolsVersion = 12.3;
						TestTargetID = F48052232681EC5F003DC3E8;
					};
				};
			};
			buildConfigurationList = F480521F2681EC5F003DC3E8 /* Build configuration list for PBXProject "FreshOnboarding" */;
			compatibilityVersion = "Xcode 9.3";
			developmentRegion = en;
			hasScannedForEncodings = 0;
			knownRegions = (
				en,
				Base,
			);
			mainGroup = F480521B2681EC5F003DC3E8;
			productRefGroup = F48052252681EC5F003DC3E8 /* Products */;
			projectDirPath = "";
			projectRoot = "";
			targets = (
				F48052232681EC5F003DC3E8 /* FreshOnboarding */,
				F48052342681EC65003DC3E8 /* FreshOnboardingTests */,
				F480523F2681EC65003DC3E8 /* FreshOnboardingUITests */,
			);
		};
/* End PBXProject section */

/* Begin PBXResourcesBuildPhase section */
		F48052222681EC5F003DC3E8 /* Resources */ = {
			isa = PBXResourcesBuildPhase;
			buildActionMask = 2147483647;
			files = (
				F42AA9E826FB829E006C2FC6 /* LaunchScreen.storyboard in Resources */,
				F480522F2681EC65003DC3E8 /* Preview Assets.xcassets in Resources */,
				F480522C2681EC65003DC3E8 /* Assets.xcassets in Resources */,
			);
			runOnlyForDeploymentPostprocessing = 0;
		};
		F48052332681EC65003DC3E8 /* Resources */ = {
			isa = PBXResourcesBuildPhase;
			buildActionMask = 2147483647;
			files = (
			);
			runOnlyForDeploymentPostprocessing = 0;
		};
		F480523E2681EC65003DC3E8 /* Resources */ = {
			isa = PBXResourcesBuildPhase;
			buildActionMask = 2147483647;
			files = (
			);
			runOnlyForDeploymentPostprocessing = 0;
		};
/* End PBXResourcesBuildPhase section */

/* Begin PBXSourcesBuildPhase section */
		F48052202681EC5F003DC3E8 /* Sources */ = {
			isa = PBXSourcesBuildPhase;
			buildActionMask = 2147483647;
			files = (
				F480522A2681EC5F003DC3E8 /* ContentView.swift in Sources */,
				F48052782681F8F3003DC3E8 /* TabDetailsView.swift in Sources */,
				F480528A2682AE39003DC3E8 /* UrgentHelpView.swift in Sources */,
				F48052282681EC5F003DC3E8 /* FreshOnboardingApp.swift in Sources */,
				F48052602681F1A4003DC3E8 /* GradientView.swift in Sources */,
				F48052562681EE29003DC3E8 /* WalkthroughView.swift in Sources */,
				F480525B2681F03D003DC3E8 /* data.swift in Sources */,
				F480527D2681FD7F003DC3E8 /* ButtonsView.swift in Sources */,
				F48052732681F7FD003DC3E8 /* PageTabView.swift in Sources */,
				F480528226820BBE003DC3E8 /* AccountButtonView.swift in Sources */,
			);
			runOnlyForDeploymentPostprocessing = 0;
		};
		F48052312681EC65003DC3E8 /* Sources */ = {
			isa = PBXSourcesBuildPhase;
			buildActionMask = 2147483647;
			files = (
				F480523A2681EC65003DC3E8 /* FreshOnboardingTests.swift in Sources */,
			);
			runOnlyForDeploymentPostprocessing = 0;
		};
		F480523C2681EC65003DC3E8 /* Sources */ = {
			isa = PBXSourcesBuildPhase;
			buildActionMask = 2147483647;
			files = (
				F48052452681EC65003DC3E8 /* FreshOnboardingUITests.swift in Sources */,
			);
			runOnlyForDeploymentPostprocessing = 0;
		};
/* End PBXSourcesBuildPhase section */

/* Begin PBXTargetDependency section */
		F48052372681EC65003DC3E8 /* PBXTargetDependency */ = {
			isa = PBXTargetDependency;
			target = F48052232681EC5F003DC3E8 /* FreshOnboarding */;
			targetProxy = F48052362681EC65003DC3E8 /* PBXContainerItemProxy */;
		};
		F48052422681EC65003DC3E8 /* PBXTargetDependency */ = {
			isa = PBXTargetDependency;
			target = F48052232681EC5F003DC3E8 /* FreshOnboarding */;
			targetProxy = F48052412681EC65003DC3E8 /* PBXContainerItemProxy */;
		};
/* End PBXTargetDependency section */

/* Begin XCBuildConfiguration section */
		F48052472681EC65003DC3E8 /* Debug */ = {
			isa = XCBuildConfiguration;
			buildSettings = {
				ALWAYS_SEARCH_USER_PATHS = NO;
				CLANG_ANALYZER_NONNULL = YES;
				CLANG_ANALYZER_NUMBER_OBJECT_CONVERSION = YES_AGGRESSIVE;
				CLANG_CXX_LANGUAGE_STANDARD = "gnu++14";
				CLANG_CXX_LIBRARY = "libc++";
				CLANG_ENABLE_MODULES = YES;
				CLANG_ENABLE_OBJC_ARC = YES;
				CLANG_ENABLE_OBJC_WEAK = YES;
				CLANG_WARN_BLOCK_CAPTURE_AUTORELEASING = YES;
				CLANG_WARN_BOOL_CONVERSION = YES;
				CLANG_WARN_COMMA = YES;
				CLANG_WARN_CONSTANT_CONVERSION = YES;
				CLANG_WARN_DEPRECATED_OBJC_IMPLEMENTATIONS = YES;
				CLANG_WARN_DIRECT_OBJC_ISA_USAGE = YES_ERROR;
				CLANG_WARN_DOCUMENTATION_COMMENTS = YES;
				CLANG_WARN_EMPTY_BODY = YES;
				CLANG_WARN_ENUM_CONVERSION = YES;
				CLANG_WARN_INFINITE_RECURSION = YES;
				CLANG_WARN_INT_CONVERSION = YES;
				CLANG_WARN_NON_LITERAL_NULL_CONVERSION = YES;
				CLANG_WARN_OBJC_IMPLICIT_RETAIN_SELF = YES;
				CLANG_WARN_OBJC_LITERAL_CONVERSION = YES;
				CLANG_WARN_OBJC_ROOT_CLASS = YES_ERROR;
				CLANG_WARN_QUOTED_INCLUDE_IN_FRAMEWORK_HEADER = YES;
				CLANG_WARN_RANGE_LOOP_ANALYSIS = YES;
				CLANG_WARN_STRICT_PROTOTYPES = YES;
				CLANG_WARN_SUSPICIOUS_MOVE = YES;
				CLANG_WARN_UNGUARDED_AVAILABILITY = YES_AGGRESSIVE;
				CLANG_WARN_UNREACHABLE_CODE = YES;
				CLANG_WARN__DUPLICATE_METHOD_MATCH = YES;
				COPY_PHASE_STRIP = NO;
				DEBUG_INFORMATION_FORMAT = dwarf;
				ENABLE_STRICT_OBJC_MSGSEND = YES;
				ENABLE_TESTABILITY = YES;
				GCC_C_LANGUAGE_STANDARD = gnu11;
				GCC_DYNAMIC_NO_PIC = NO;
				GCC_NO_COMMON_BLOCKS = YES;
				GCC_OPTIMIZATION_LEVEL = 0;
				GCC_PREPROCESSOR_DEFINITIONS = (
					"DEBUG=1",
					"$(inherited)",
				);
				GCC_WARN_64_TO_32_BIT_CONVERSION = YES;
				GCC_WARN_ABOUT_RETURN_TYPE = YES_ERROR;
				GCC_WARN_UNDECLARED_SELECTOR = YES;
				GCC_WARN_UNINITIALIZED_AUTOS = YES_AGGRESSIVE;
				GCC_WARN_UNUSED_FUNCTION = YES;
				GCC_WARN_UNUSED_VARIABLE = YES;
				IPHONEOS_DEPLOYMENT_TARGET = 14.3;
				MTL_ENABLE_DEBUG_INFO = INCLUDE_SOURCE;
				MTL_FAST_MATH = YES;
				ONLY_ACTIVE_ARCH = YES;
				SDKROOT = iphoneos;
				SWIFT_ACTIVE_COMPILATION_CONDITIONS = DEBUG;
				SWIFT_OPTIMIZATION_LEVEL = "-Onone";
			};
			name = Debug;
		};
		F48052482681EC65003DC3E8 /* Release */ = {
			isa = XCBuildConfiguration;
			buildSettings = {
				ALWAYS_SEARCH_USER_PATHS = NO;
				CLANG_ANALYZER_NONNULL = YES;
				CLANG_ANALYZER_NUMBER_OBJECT_CONVERSION = YES_AGGRESSIVE;
				CLANG_CXX_LANGUAGE_STANDARD = "gnu++14";
				CLANG_CXX_LIBRARY = "libc++";
				CLANG_ENABLE_MODULES = YES;
				CLANG_ENABLE_OBJC_ARC = YES;
				CLANG_ENABLE_OBJC_WEAK = YES;
				CLANG_WARN_BLOCK_CAPTURE_AUTORELEASING = YES;
				CLANG_WARN_BOOL_CONVERSION = YES;
				CLANG_WARN_COMMA = YES;
				CLANG_WARN_CONSTANT_CONVERSION = YES;
				CLANG_WARN_DEPRECATED_OBJC_IMPLEMENTATIONS = YES;
				CLANG_WARN_DIRECT_OBJC_ISA_USAGE = YES_ERROR;
				CLANG_WARN_DOCUMENTATION_COMMENTS = YES;
				CLANG_WARN_EMPTY_BODY = YES;
				CLANG_WARN_ENUM_CONVERSION = YES;
				CLANG_WARN_INFINITE_RECURSION = YES;
				CLANG_WARN_INT_CONVERSION = YES;
				CLANG_WARN_NON_LITERAL_NULL_CONVERSION = YES;
				CLANG_WARN_OBJC_IMPLICIT_RETAIN_SELF = YES;
				CLANG_WARN_OBJC_LITERAL_CONVERSION = YES;
				CLANG_WARN_OBJC_ROOT_CLASS = YES_ERROR;
				CLANG_WARN_QUOTED_INCLUDE_IN_FRAMEWORK_HEADER = YES;
				CLANG_WARN_RANGE_LOOP_ANALYSIS = YES;
				CLANG_WARN_STRICT_PROTOTYPES = YES;
				CLANG_WARN_SUSPICIOUS_MOVE = YES;
				CLANG_WARN_UNGUARDED_AVAILABILITY = YES_AGGRESSIVE;
				CLANG_WARN_UNREACHABLE_CODE = YES;
				CLANG_WARN__DUPLICATE_METHOD_MATCH = YES;
				COPY_PHASE_STRIP = NO;
				DEBUG_INFORMATION_FORMAT = "dwarf-with-dsym";
				ENABLE_NS_ASSERTIONS = NO;
				ENABLE_STRICT_OBJC_MSGSEND = YES;
				GCC_C_LANGUAGE_STANDARD = gnu11;
				GCC_NO_COMMON_BLOCKS = YES;
				GCC_WARN_64_TO_32_BIT_CONVERSION = YES;
				GCC_WARN_ABOUT_RETURN_TYPE = YES_ERROR;
				GCC_WARN_UNDECLARED_SELECTOR = YES;
				GCC_WARN_UNINITIALIZED_AUTOS = YES_AGGRESSIVE;
				GCC_WARN_UNUSED_FUNCTION = YES;
				GCC_WARN_UNUSED_VARIABLE = YES;
				IPHONEOS_DEPLOYMENT_TARGET = 14.3;
				MTL_ENABLE_DEBUG_INFO = NO;
				MTL_FAST_MATH = YES;
				SDKROOT = iphoneos;
				SWIFT_COMPILATION_MODE = wholemodule;
				SWIFT_OPTIMIZATION_LEVEL = "-O";
				VALIDATE_PRODUCT = YES;
			};
			name = Release;
		};
		F480524A2681EC65003DC3E8 /* Debug */ = {
			isa = XCBuildConfiguration;
			buildSettings = {
				ASSETCATALOG_COMPILER_APPICON_NAME = AppIcon;
				ASSETCATALOG_COMPILER_GLOBAL_ACCENT_COLOR_NAME = AccentColor;
				CODE_SIGN_STYLE = Automatic;
				DEVELOPMENT_ASSET_PATHS = "\"FreshOnboarding/Preview Content\"";
				ENABLE_PREVIEWS = YES;
				INFOPLIST_FILE = FreshOnboarding/Info.plist;
				IPHONEOS_DEPLOYMENT_TARGET = 14.0;
				LD_RUNPATH_SEARCH_PATHS = (
					"$(inherited)",
					"@executable_path/Frameworks",
				);
				PRODUCT_BUNDLE_IDENTIFIER = vuw.ac.nz.FreshOnboarding;
				PRODUCT_NAME = "$(TARGET_NAME)";
				SWIFT_VERSION = 5.0;
				TARGETED_DEVICE_FAMILY = "1,2";
			};
			name = Debug;
		};
		F480524B2681EC65003DC3E8 /* Release */ = {
			isa = XCBuildConfiguration;
			buildSettings = {
				ASSETCATALOG_COMPILER_APPICON_NAME = AppIcon;
				ASSETCATALOG_COMPILER_GLOBAL_ACCENT_COLOR_NAME = AccentColor;
				CODE_SIGN_STYLE = Automatic;
				DEVELOPMENT_ASSET_PATHS = "\"FreshOnboarding/Preview Content\"";
				ENABLE_PREVIEWS = YES;
				INFOPLIST_FILE = FreshOnboarding/Info.plist;
				IPHONEOS_DEPLOYMENT_TARGET = 14.0;
				LD_RUNPATH_SEARCH_PATHS = (
					"$(inherited)",
					"@executable_path/Frameworks",
				);
				PRODUCT_BUNDLE_IDENTIFIER = vuw.ac.nz.FreshOnboarding;
				PRODUCT_NAME = "$(TARGET_NAME)";
				SWIFT_VERSION = 5.0;
				TARGETED_DEVICE_FAMILY = "1,2";
			};
			name = Release;
		};
		F480524D2681EC65003DC3E8 /* Debug */ = {
			isa = XCBuildConfiguration;
			buildSettings = {
				ALWAYS_EMBED_SWIFT_STANDARD_LIBRARIES = YES;
				BUNDLE_LOADER = "$(TEST_HOST)";
				CODE_SIGN_STYLE = Automatic;
				INFOPLIST_FILE = FreshOnboardingTests/Info.plist;
				IPHONEOS_DEPLOYMENT_TARGET = 14.0;
				LD_RUNPATH_SEARCH_PATHS = (
					"$(inherited)",
					"@executable_path/Frameworks",
					"@loader_path/Frameworks",
				);
				PRODUCT_BUNDLE_IDENTIFIER = vuw.ac.nz.FreshOnboardingTests;
				PRODUCT_NAME = "$(TARGET_NAME)";
				SWIFT_VERSION = 5.0;
				TARGETED_DEVICE_FAMILY = "1,2";
				TEST_HOST = "$(BUILT_PRODUCTS_DIR)/FreshOnboarding.app/FreshOnboarding";
			};
			name = Debug;
		};
		F480524E2681EC65003DC3E8 /* Release */ = {
			isa = XCBuildConfiguration;
			buildSettings = {
				ALWAYS_EMBED_SWIFT_STANDARD_LIBRARIES = YES;
				BUNDLE_LOADER = "$(TEST_HOST)";
				CODE_SIGN_STYLE = Automatic;
				INFOPLIST_FILE = FreshOnboardingTests/Info.plist;
				IPHONEOS_DEPLOYMENT_TARGET = 14.0;
				LD_RUNPATH_SEARCH_PATHS = (
					"$(inherited)",
					"@executable_path/Frameworks",
					"@loader_path/Frameworks",
				);
				PRODUCT_BUNDLE_IDENTIFIER = vuw.ac.nz.FreshOnboardingTests;
				PRODUCT_NAME = "$(TARGET_NAME)";
				SWIFT_VERSION = 5.0;
				TARGETED_DEVICE_FAMILY = "1,2";
				TEST_HOST = "$(BUILT_PRODUCTS_DIR)/FreshOnboarding.app/FreshOnboarding";
			};
			name = Release;
		};
		F48052502681EC65003DC3E8 /* Debug */ = {
			isa = XCBuildConfiguration;
			buildSettings = {
				ALWAYS_EMBED_SWIFT_STANDARD_LIBRARIES = YES;
				CODE_SIGN_STYLE = Automatic;
				INFOPLIST_FILE = FreshOnboardingUITests/Info.plist;
				LD_RUNPATH_SEARCH_PATHS = (
					"$(inherited)",
					"@executable_path/Frameworks",
					"@loader_path/Frameworks",
				);
				PRODUCT_BUNDLE_IDENTIFIER = vuw.ac.nz.FreshOnboardingUITests;
				PRODUCT_NAME = "$(TARGET_NAME)";
				SWIFT_VERSION = 5.0;
				TARGETED_DEVICE_FAMILY = "1,2";
				TEST_TARGET_NAME = FreshOnboarding;
			};
			name = Debug;
		};
		F48052512681EC65003DC3E8 /* Release */ = {
			isa = XCBuildConfiguration;
			buildSettings = {
				ALWAYS_EMBED_SWIFT_STANDARD_LIBRARIES = YES;
				CODE_SIGN_STYLE = Automatic;
				INFOPLIST_FILE = FreshOnboardingUITests/Info.plist;
				LD_RUNPATH_SEARCH_PATHS = (
					"$(inherited)",
					"@executable_path/Frameworks",
					"@loader_path/Frameworks",
				);
				PRODUCT_BUNDLE_IDENTIFIER = vuw.ac.nz.FreshOnboardingUITests;
				PRODUCT_NAME = "$(TARGET_NAME)";
				SWIFT_VERSION = 5.0;
				TARGETED_DEVICE_FAMILY = "1,2";
				TEST_TARGET_NAME = FreshOnboarding;
			};
			name = Release;
		};
/* End XCBuildConfiguration section */

/* Begin XCConfigurationList section */
		F480521F2681EC5F003DC3E8 /* Build configuration list for PBXProject "FreshOnboarding" */ = {
			isa = XCConfigurationList;
			buildConfigurations = (
				F48052472681EC65003DC3E8 /* Debug */,
				F48052482681EC65003DC3E8 /* Release */,
			);
			defaultConfigurationIsVisible = 0;
			defaultConfigurationName = Release;
		};
		F48052492681EC65003DC3E8 /* Build configuration list for PBXNativeTarget "FreshOnboarding" */ = {
			isa = XCConfigurationList;
			buildConfigurations = (
				F480524A2681EC65003DC3E8 /* Debug */,
				F480524B2681EC65003DC3E8 /* Release */,
			);
			defaultConfigurationIsVisible = 0;
			defaultConfigurationName = Release;
		};
		F480524C2681EC65003DC3E8 /* Build configuration list for PBXNativeTarget "FreshOnboardingTests" */ = {
			isa = XCConfigurationList;
			buildConfigurations = (
				F480524D2681EC65003DC3E8 /* Debug */,
				F480524E2681EC65003DC3E8 /* Release */,
			);
			defaultConfigurationIsVisible = 0;
			defaultConfigurationName = Release;
		};
		F480524F2681EC65003DC3E8 /* Build configuration list for PBXNativeTarget "FreshOnboardingUITests" */ = {
			isa = XCConfigurationList;
			buildConfigurations = (
				F48052502681EC65003DC3E8 /* Debug */,
				F48052512681EC65003DC3E8 /* Release */,
			);
			defaultConfigurationIsVisible = 0;
			defaultConfigurationName = Release;
		};
/* End XCConfigurationList section */
	};
	rootObject = F480521C2681EC5F003DC3E8 /* Project object */;
}
